<?xml version="1.0" encoding="utf-8"?>
<Project ToolsVersion="4.0" xmlns="http://schemas.microsoft.com/developer/msbuild/2003">
  <ItemGroup>
    <Filter Include="Header Files">
      <UniqueIdentifier>{93995380-89BD-4b04-88EB-625FBE52EBFB}</UniqueIdentifier>
      <Extensions>h;hh;hpp;hxx;hm;inl;inc;xsd</Extensions>
    </Filter>
    <Filter Include="Barrack">
      <UniqueIdentifier>{bc03a2df-99d4-42b3-b574-f4c203e242d3}</UniqueIdentifier>
    </Filter>
    <Filter Include="Common">
      <UniqueIdentifier>{cffd3eee-01f0-4685-8158-15310edc782a}</UniqueIdentifier>
    </Filter>
  </ItemGroup>
  <ItemGroup>
    <ClCompile Include="..\..\..\src\BarrackServer\main.c" />
    <ClCompile Include="..\..\..\src\BarrackServer\BarrackHandler\BarrackHandler.c">
      <Filter>Barrack</Filter>
    </ClCompile>
    <ClCompile Include="..\..\..\src\BarrackServer\BarrackServer.c">
      <Filter>Barrack</Filter>
    </ClCompile>
    <ClCompile Include="..\..\..\src\BarrackServer\BarrackWorker\BarrackWorker.c">
      <Filter>Barrack</Filter>
    </ClCompile>
    <ClCompile Include="..\..\..\src\Common\Commander\Commander.c">
      <Filter>Common</Filter>
    </ClCompile>
    <ClCompile Include="..\..\..\src\Common\Crypto\Crypto.c">
      <Filter>Common</Filter>
    </ClCompile>
    <ClCompile Include="..\..\..\src\Common\dbg\dbg.c">
      <Filter>Common</Filter>
    </ClCompile>
    <ClCompile Include="..\..\..\src\Common\Packet\PacketStream.c">
      <Filter>Common</Filter>
    </ClCompile>
    <ClCompile Include="..\..\..\src\Common\Packet\Packet.c">
      <Filter>Common</Filter>
    </ClCompile>
    <ClCompile Include="..\..\..\src\Common\Packet\PacketType.c">
      <Filter>Common</Filter>
    </ClCompile>
    <ClCompile Include="..\..\..\src\R1EMU.c">
      <Filter>Common</Filter>
    </ClCompile>
    <ClCompile Include="..\..\..\src\Common\Packet\PacketHandler.c">
      <Filter>Common</Filter>
    </ClCompile>
    <ClCompile Include="..\..\..\src\SessionServer\SessionServer.c" />
    <ClCompile Include="..\..\..\src\SessionServer\SessionWorker\SessionWorker.c" />
    <ClCompile Include="..\..\..\src\Common\Session\ClientSession.c">
      <Filter>Common</Filter>
    </ClCompile>
    <ClCompile Include="..\..\..\src\Common\Session\SessionTable.c">
      <Filter>Common</Filter>
    </ClCompile>
  </ItemGroup>
  <ItemGroup>
    <ClInclude Include="..\..\..\src\BarrackServer\BarrackServer.h">
      <Filter>Header Files</Filter>
    </ClInclude>
    <ClInclude Include="..\..\..\src\BarrackServer\BarrackHandler\BarrackHandler.h">
      <Filter>Header Files</Filter>
    </ClInclude>
    <ClInclude Include="..\..\..\src\BarrackServer\BarrackWorker\BarrackWorker.h">
      <Filter>Header Files</Filter>
    </ClInclude>
    <ClInclude Include="..\..\..\src\Common\Commander\Commander.h">
      <Filter>Header Files</Filter>
    </ClInclude>
    <ClInclude Include="..\..\..\src\Common\Crypto\Crypto.h">
      <Filter>Header Files</Filter>
    </ClInclude>
    <ClInclude Include="..\..\..\src\Common\Packet\PacketType.h">
      <Filter>Header Files</Filter>
    </ClInclude>
    <ClInclude Include="..\..\..\src\Common\Packet\Packet.h">
      <Filter>Header Files</Filter>
    </ClInclude>
    <ClInclude Include="..\..\..\src\Common\Packet\PacketStream.h">
      <Filter>Header Files</Filter>
    </ClInclude>
    <ClInclude Include="..\..\..\src\Common\dbg\dbg.h">
      <Filter>Header Files</Filter>
    </ClInclude>
    <ClInclude Include="..\..\..\src\R1EMU.h">
      <Filter>Header Files</Filter>
    </ClInclude>
    <ClInclude Include="..\..\..\src\Common\ClientSession\ClientSession.h">
      <Filter>Header Files</Filter>
    </ClInclude>
    <ClInclude Include="..\..\..\src\Common\Packet\PacketHandler.h">
      <Filter>Header Files</Filter>
    </ClInclude>
    <ClInclude Include="..\..\..\src\SessionServer\SessionServer.h">
      <Filter>Header Files</Filter>
    </ClInclude>
    <ClInclude Include="..\..\..\src\SessionServer\SessionWorker\SessionWorker.h">
      <Filter>Header Files</Filter>
    </ClInclude>
    <ClInclude Include="..\..\..\src\Common\Session\SessionTable.h">
      <Filter>Common</Filter>
    </ClInclude>
    <ClInclude Include="..\..\..\src\Common\Session\ClientSession.h">
      <Filter>Header Files</Filter>
    </ClInclude>
  </ItemGroup>
</Project>