<?xml version="1.0" encoding="UTF-8" standalone="yes" ?>
<CodeBlocks_project_file>
	<FileVersion major="1" minor="6" />
	<Project>
		<Option title="zone_server" />
		<Option pch_mode="2" />
		<Option compiler="gcc" />
		<Build>
			<Target title="Debug">
				<Option output="../../../bin/zone_server" prefix_auto="1" extension_auto="1" />
				<Option working_dir="../../../bin/" />
				<Option object_output="obj/Debug/" />
				<Option type="1" />
				<Option compiler="mingw64" />
				<Option parameters="1 127.0.0.1 1 2004 3 127.0.0.1 2003 localhost r1emu r1emu r1emu localhost 6379" />
				<Compiler>
					<Add option="-g" />
					<Add option="-D__DBG_ACTIVATED__" />
				</Compiler>
			</Target>
			<Target title="Release">
				<Option output="../../../bin/zone_server" prefix_auto="1" extension_auto="1" />
				<Option working_dir="../../../bin/" />
				<Option object_output="obj/Release/" />
				<Option type="1" />
				<Option compiler="mingw64" />
			</Target>
		</Build>
		<Compiler>
			<Add option="-Wall" />
			<Add option="-std=gnu99" />
			<Add option="-Wno-pointer-sign" />
			<Add option="-D__USE_GNU" />
			<Add option="-D_GNU_SOURCE" />
			<Add option="-D__DBG_ACTIVATED__" />
			<Add directory="/usr/include/" />
			<Add directory="../../../src" />
			<Add directory="../../../include" />
			<Add directory="../../../include/zmq" />
			<Add directory="../../../include/mysql" />
			<Add directory="../../../include/hiredis" />
			<Add directory="../../../include/zlib" />
			<Add directory="../../../include/jansson" />
		</Compiler>
		<Linker>
			<Add library="zmq" />
			<Add library="czmq" />
			<Add library="hiredis" />
			<Add library="mysqlclient" />
			<Add library="z" />
			<Add library="jansson" />
			<Add directory="../../../lib" />
			<Add directory="../../../lib/x64" />
			<Add directory="/usr/local/mysql/lib/" />
		</Linker>
		<Unit filename="../../../src/R1EMU.h" />
		<Unit filename="../../../src/barrack_server/barrack_event_server.c">
			<Option compilerVar="CC" />
		</Unit>
		<Unit filename="../../../src/barrack_server/barrack_event_server.h" />
		<Unit filename="../../../src/barrack_server/barrack_handler/barrack_builder.c">
			<Option compilerVar="CC" />
		</Unit>
		<Unit filename="../../../src/barrack_server/barrack_handler/barrack_builder.h" />
		<Unit filename="../../../src/barrack_server/barrack_handler/barrack_event.h" />
		<Unit filename="../../../src/barrack_server/barrack_handler/barrack_event_handler.c">
			<Option compilerVar="CC" />
		</Unit>
		<Unit filename="../../../src/barrack_server/barrack_handler/barrack_event_handler.h" />
		<Unit filename="../../../src/barrack_server/barrack_handler/barrack_handler.c">
			<Option compilerVar="CC" />
		</Unit>
		<Unit filename="../../../src/barrack_server/barrack_handler/barrack_handler.h" />
		<Unit filename="../../../src/barrack_server/barrack_server.c">
			<Option compilerVar="CC" />
		</Unit>
		<Unit filename="../../../src/barrack_server/barrack_server.h" />
		<Unit filename="../../../src/common/commander/commander.c">
			<Option compilerVar="CC" />
		</Unit>
		<Unit filename="../../../src/common/commander/commander.h" />
		<Unit filename="../../../src/common/commander/inventory.c">
			<Option compilerVar="CC" />
		</Unit>
		<Unit filename="../../../src/common/commander/inventory.h" />
		<Unit filename="../../../src/common/crypto/bf/bf_ecb.c">
			<Option compilerVar="CC" />
		</Unit>
		<Unit filename="../../../src/common/crypto/bf/bf_enc.c">
			<Option compilerVar="CC" />
		</Unit>
		<Unit filename="../../../src/common/crypto/bf/bf_locl.h" />
		<Unit filename="../../../src/common/crypto/bf/bf_pi.h" />
		<Unit filename="../../../src/common/crypto/bf/bf_skey.c">
			<Option compilerVar="CC" />
		</Unit>
		<Unit filename="../../../src/common/crypto/bf/blowfish.h" />
		<Unit filename="../../../src/common/crypto/bf/e_os2.h" />
		<Unit filename="../../../src/common/crypto/bf/opensslconf.h" />
		<Unit filename="../../../src/common/crypto/bf/opensslv.h" />
		<Unit filename="../../../src/common/crypto/crypto.c">
			<Option compilerVar="CC" />
		</Unit>
		<Unit filename="../../../src/common/crypto/crypto.h" />
		<Unit filename="../../../src/common/crypto/schedule.h" />
		<Unit filename="../../../src/common/db/db.c">
			<Option compilerVar="CC" />
		</Unit>
		<Unit filename="../../../src/common/db/db.h" />
		<Unit filename="../../../src/common/db/db_client.c">
			<Option compilerVar="CC" />
		</Unit>
		<Unit filename="../../../src/common/db/db_client.h" />
		<Unit filename="../../../src/common/db/db_object.c">
			<Option compilerVar="CC" />
		</Unit>
		<Unit filename="../../../src/common/db/db_object.h" />
		<Unit filename="../../../src/common/dbg/dbg.c">
			<Option compilerVar="CC" />
		</Unit>
		<Unit filename="../../../src/common/dbg/dbg.h" />
		<Unit filename="../../../src/common/graph/graph.c">
			<Option compilerVar="CC" />
		</Unit>
		<Unit filename="../../../src/common/graph/graph.h" />
		<Unit filename="../../../src/common/item/item.c">
			<Option compilerVar="CC" />
		</Unit>
		<Unit filename="../../../src/common/item/item.h" />
		<Unit filename="../../../src/common/mysql/fields/mysql_account_session.c">
			<Option compilerVar="CC" />
		</Unit>
		<Unit filename="../../../src/common/mysql/fields/mysql_account_session.h" />
		<Unit filename="../../../src/common/mysql/fields/mysql_commander.c">
			<Option compilerVar="CC" />
		</Unit>
		<Unit filename="../../../src/common/mysql/fields/mysql_commander.h" />
		<Unit filename="../../../src/common/mysql/fields/mysql_commander_session.c">
			<Option compilerVar="CC" />
		</Unit>
		<Unit filename="../../../src/common/mysql/fields/mysql_commander_session.h" />
		<Unit filename="../../../src/common/mysql/fields/mysql_session.c">
			<Option compilerVar="CC" />
		</Unit>
		<Unit filename="../../../src/common/mysql/fields/mysql_session.h" />
		<Unit filename="../../../src/common/mysql/mysql.c">
			<Option compilerVar="CC" />
		</Unit>
		<Unit filename="../../../src/common/mysql/mysql.h" />
		<Unit filename="../../../src/common/packet/packet.c">
			<Option compilerVar="CC" />
		</Unit>
		<Unit filename="../../../src/common/packet/packet.h" />
		<Unit filename="../../../src/common/packet/packet_stream.c">
			<Option compilerVar="CC" />
		</Unit>
		<Unit filename="../../../src/common/packet/packet_stream.h" />
		<Unit filename="../../../src/common/packet/packet_type.c">
			<Option compilerVar="CC" />
		</Unit>
		<Unit filename="../../../src/common/packet/packet_type.h" />
		<Unit filename="../../../src/common/redis/fields/redis_game_session.c">
			<Option compilerVar="CC" />
		</Unit>
		<Unit filename="../../../src/common/redis/fields/redis_game_session.h" />
		<Unit filename="../../../src/common/redis/fields/redis_session.c">
			<Option compilerVar="CC" />
		</Unit>
		<Unit filename="../../../src/common/redis/fields/redis_session.h" />
		<Unit filename="../../../src/common/redis/fields/redis_socket_session.c">
			<Option compilerVar="CC" />
		</Unit>
		<Unit filename="../../../src/common/redis/fields/redis_socket_session.h" />
		<Unit filename="../../../src/common/redis/redis.c">
			<Option compilerVar="CC" />
		</Unit>
		<Unit filename="../../../src/common/redis/redis.h" />
		<Unit filename="../../../src/common/server/event_handler.c">
			<Option compilerVar="CC" />
		</Unit>
		<Unit filename="../../../src/common/server/event_handler.h" />
		<Unit filename="../../../src/common/server/event_server.c">
			<Option compilerVar="CC" />
		</Unit>
		<Unit filename="../../../src/common/server/event_server.h" />
		<Unit filename="../../../src/common/server/game_event.c">
			<Option compilerVar="CC" />
		</Unit>
		<Unit filename="../../../src/common/server/game_event.h" />
		<Unit filename="../../../src/common/server/router.c">
			<Option compilerVar="CC" />
		</Unit>
		<Unit filename="../../../src/common/server/router.h" />
		<Unit filename="../../../src/common/server/router_monitor.c">
			<Option compilerVar="CC" />
		</Unit>
		<Unit filename="../../../src/common/server/router_monitor.h" />
		<Unit filename="../../../src/common/server/server.c">
			<Option compilerVar="CC" />
		</Unit>
		<Unit filename="../../../src/common/server/server.h" />
		<Unit filename="../../../src/common/server/server_factory.c">
			<Option compilerVar="CC" />
		</Unit>
		<Unit filename="../../../src/common/server/server_factory.h" />
		<Unit filename="../../../src/common/server/worker.c">
			<Option compilerVar="CC" />
		</Unit>
		<Unit filename="../../../src/common/server/worker.h" />
		<Unit filename="../../../src/common/session/account_session.c">
			<Option compilerVar="CC" />
		</Unit>
		<Unit filename="../../../src/common/session/account_session.h" />
		<Unit filename="../../../src/common/session/barrack_session.c">
			<Option compilerVar="CC" />
		</Unit>
		<Unit filename="../../../src/common/session/barrack_session.h" />
		<Unit filename="../../../src/common/session/commander_session.c">
			<Option compilerVar="CC" />
		</Unit>
		<Unit filename="../../../src/common/session/commander_session.h" />
		<Unit filename="../../../src/common/session/game_session.c">
			<Option compilerVar="CC" />
		</Unit>
		<Unit filename="../../../src/common/session/game_session.h" />
		<Unit filename="../../../src/common/session/session.c">
			<Option compilerVar="CC" />
		</Unit>
		<Unit filename="../../../src/common/session/session.h" />
		<Unit filename="../../../src/common/session/socket_session.c">
			<Option compilerVar="CC" />
		</Unit>
		<Unit filename="../../../src/common/session/socket_session.h" />
		<Unit filename="../../../src/common/utils/admin_cmd.h" />
		<Unit filename="../../../src/common/utils/math.c">
			<Option compilerVar="CC" />
		</Unit>
		<Unit filename="../../../src/common/utils/math.h" />
		<Unit filename="../../../src/common/utils/position.c">
			<Option compilerVar="CC" />
		</Unit>
		<Unit filename="../../../src/common/utils/position.h" />
		<Unit filename="../../../src/common/utils/random.c">
			<Option compilerVar="CC" />
		</Unit>
		<Unit filename="../../../src/common/utils/random.h" />
		<Unit filename="../../../src/common/utils/string.c">
			<Option compilerVar="CC" />
		</Unit>
		<Unit filename="../../../src/common/utils/string.h" />
		<Unit filename="../../../src/common/utils/time.c">
			<Option compilerVar="CC" />
		</Unit>
		<Unit filename="../../../src/common/utils/time.h" />
		<Unit filename="../../../src/common/utils/utils.c">
			<Option compilerVar="CC" />
		</Unit>
		<Unit filename="../../../src/common/utils/utils.h" />
		<Unit filename="../../../src/common/utils/zlib.c">
			<Option compilerVar="CC" />
		</Unit>
		<Unit filename="../../../src/common/utils/zlib.h" />
		<Unit filename="../../../src/global_server/global_server.h" />
		<Unit filename="../../../src/social_server/social_event_server.c">
			<Option compilerVar="CC" />
		</Unit>
		<Unit filename="../../../src/social_server/social_event_server.h" />
		<Unit filename="../../../src/social_server/social_handler/social_builder.c">
			<Option compilerVar="CC" />
		</Unit>
		<Unit filename="../../../src/social_server/social_handler/social_builder.h" />
		<Unit filename="../../../src/social_server/social_handler/social_event.h" />
		<Unit filename="../../../src/social_server/social_handler/social_event_handler.c">
			<Option compilerVar="CC" />
		</Unit>
		<Unit filename="../../../src/social_server/social_handler/social_event_handler.h" />
		<Unit filename="../../../src/social_server/social_handler/social_handler.c">
			<Option compilerVar="CC" />
		</Unit>
		<Unit filename="../../../src/social_server/social_handler/social_handler.h" />
		<Unit filename="../../../src/social_server/social_server.c">
			<Option compilerVar="CC" />
		</Unit>
		<Unit filename="../../../src/social_server/social_server.h" />
		<Unit filename="../../../src/zone_server/main.c">
			<Option compilerVar="CC" />
		</Unit>
		<Unit filename="../../../src/zone_server/zone_event_server.c">
			<Option compilerVar="CC" />
		</Unit>
		<Unit filename="../../../src/zone_server/zone_event_server.h" />
		<Unit filename="../../../src/zone_server/zone_handler/admin_cmd.c">
			<Option compilerVar="CC" />
		</Unit>
		<Unit filename="../../../src/zone_server/zone_handler/admin_cmd.h" />
		<Unit filename="../../../src/zone_server/zone_handler/zone_builder.c">
			<Option compilerVar="CC" />
		</Unit>
		<Unit filename="../../../src/zone_server/zone_handler/zone_builder.h" />
		<Unit filename="../../../src/zone_server/zone_handler/zone_event.h" />
		<Unit filename="../../../src/zone_server/zone_handler/zone_event_handler.c">
			<Option compilerVar="CC" />
		</Unit>
		<Unit filename="../../../src/zone_server/zone_handler/zone_event_handler.h" />
		<Unit filename="../../../src/zone_server/zone_handler/zone_handler.c">
			<Option compilerVar="CC" />
		</Unit>
		<Unit filename="../../../src/zone_server/zone_handler/zone_handler.h" />
		<Unit filename="../../../src/zone_server/zone_server.c">
			<Option compilerVar="CC" />
		</Unit>
		<Unit filename="../../../src/zone_server/zone_server.h" />
		<Extensions>
			<code_completion />
			<envvars />
			<debugger />
			<lib_finder disable_auto="1" />
			<DoxyBlocks>
				<comment_style block="0" line="0" />
				<doxyfile_project />
				<doxyfile_build />
				<doxyfile_warnings />
				<doxyfile_output />
				<doxyfile_dot />
				<general use_at_in_tags="1" />
			</DoxyBlocks>
		</Extensions>
	</Project>
</CodeBlocks_project_file>
