<?xml version="1.0" encoding="utf-8"?>
<Project ToolsVersion="4.0" xmlns="http://schemas.microsoft.com/developer/msbuild/2003">
  <ItemGroup>
    <Filter Include="Header Files">
      <UniqueIdentifier>{93995380-89BD-4b04-88EB-625FBE52EBFB}</UniqueIdentifier>
      <Extensions>h;hh;hpp;hxx;hm;inl;inc;xsd</Extensions>
    </Filter>
    <Filter Include="Session">
      <UniqueIdentifier>{53c9ec8f-bcd6-43b5-b024-4284254061b9}</UniqueIdentifier>
    </Filter>
    <Filter Include="Common">
      <UniqueIdentifier>{0ff5d937-145d-49fe-aa61-e66e97e25d01}</UniqueIdentifier>
    </Filter>
  </ItemGroup>
  <ItemGroup>
    <ClCompile Include="..\..\..\src\SessionServer\main.c" />
    <ClCompile Include="..\..\..\src\SessionServer\SessionServer.c">
      <Filter>Session</Filter>
    </ClCompile>
    <ClCompile Include="..\..\..\src\SessionServer\SessionWorker\SessionWorker.c">
      <Filter>Session</Filter>
    </ClCompile>
    <ClCompile Include="..\..\..\src\Common\dbg\dbg.c">
      <Filter>Common</Filter>
    </ClCompile>
    <ClCompile Include="..\..\..\src\R1EMU.c">
      <Filter>Common</Filter>
    </ClCompile>
    <ClCompile Include="..\..\..\src\Common\ClientSession\ClientSession.c">
      <Filter>Common</Filter>
    </ClCompile>
  </ItemGroup>
  <ItemGroup>
    <ClInclude Include="..\..\..\src\SessionServer\SessionServer.h">
      <Filter>Header Files</Filter>
    </ClInclude>
    <ClInclude Include="..\..\..\src\SessionServer\SessionWorker\SessionWorker.h">
      <Filter>Header Files</Filter>
    </ClInclude>
    <ClInclude Include="..\..\..\src\SessionServer\ClientSession\ClientSession.h">
      <Filter>Header Files</Filter>
    </ClInclude>
    <ClInclude Include="..\..\..\src\Common\dbg\dbg.h">
      <Filter>Header Files</Filter>
    </ClInclude>
    <ClInclude Include="..\..\..\src\R1EMU.h">
      <Filter>Header Files</Filter>
    </ClInclude>
    <ClInclude Include="..\..\..\src\Common\ClientSession\ClientSession.h">
      <Filter>Common</Filter>
    </ClInclude>
  </ItemGroup>
</Project>