
Microsoft Visual Studio Solution File, Format Version 12.00
# Visual Studio 2013
VisualStudioVersion = 12.0.21005.1
MinimumVisualStudioVersion = 10.0.40219.1
Project("{8BC9CEB8-8B4A-11D0-8D11-00A0C91BC942}") = "BarrackServer", "BarrackServer\BarrackServer.vcxproj", "{EF0C8CBF-817A-42A5-AFEE-333AE85E459D}"
EndProject
Project("{8BC9CEB8-8B4A-11D0-8D11-00A0C91BC942}") = "GlobalServer", "GlobalServer\GlobalServer.vcxproj", "{540BC298-4AC3-4689-A61E-7F8DC1645957}"
EndProject
Project("{8BC9CEB8-8B4A-11D0-8D11-00A0C91BC942}") = "ZoneServer", "ZoneServer\ZoneServer.vcxproj", "{EACD26F4-BCA9-4EAF-9F2F-FF0CB98062ED}"
EndProject
Global
	GlobalSection(SolutionConfigurationPlatforms) = preSolution
		Debug|Win32 = Debug|Win32
		Debug|x64 = Debug|x64
		Release|Win32 = Release|Win32
		Release|x64 = Release|x64
		x64|Win32 = x64|Win32
		x64|x64 = x64|x64
	EndGlobalSection
	GlobalSection(ProjectConfigurationPlatforms) = postSolution
		{EF0C8CBF-817A-42A5-AFEE-333AE85E459D}.Debug|Win32.ActiveCfg = Debug|x64
		{EF0C8CBF-817A-42A5-AFEE-333AE85E459D}.Debug|x64.ActiveCfg = Debug|x64
		{EF0C8CBF-817A-42A5-AFEE-333AE85E459D}.Debug|x64.Build.0 = Debug|x64
		{EF0C8CBF-817A-42A5-AFEE-333AE85E459D}.Release|Win32.ActiveCfg = Release|x64
		{EF0C8CBF-817A-42A5-AFEE-333AE85E459D}.Release|x64.ActiveCfg = Release|x64
		{EF0C8CBF-817A-42A5-AFEE-333AE85E459D}.Release|x64.Build.0 = Release|x64
		{EF0C8CBF-817A-42A5-AFEE-333AE85E459D}.x64|Win32.ActiveCfg = x64|x64
		{EF0C8CBF-817A-42A5-AFEE-333AE85E459D}.x64|x64.ActiveCfg = x64|x64
		{EF0C8CBF-817A-42A5-AFEE-333AE85E459D}.x64|x64.Build.0 = x64|x64
		{540BC298-4AC3-4689-A61E-7F8DC1645957}.Debug|Win32.ActiveCfg = Debug|Win32
		{540BC298-4AC3-4689-A61E-7F8DC1645957}.Debug|Win32.Build.0 = Debug|Win32
		{540BC298-4AC3-4689-A61E-7F8DC1645957}.Debug|x64.ActiveCfg = Debug|x64
		{540BC298-4AC3-4689-A61E-7F8DC1645957}.Debug|x64.Build.0 = Debug|x64
		{540BC298-4AC3-4689-A61E-7F8DC1645957}.Release|Win32.ActiveCfg = Release|Win32
		{540BC298-4AC3-4689-A61E-7F8DC1645957}.Release|Win32.Build.0 = Release|Win32
		{540BC298-4AC3-4689-A61E-7F8DC1645957}.Release|x64.ActiveCfg = Release|x64
		{540BC298-4AC3-4689-A61E-7F8DC1645957}.Release|x64.Build.0 = Release|x64
		{540BC298-4AC3-4689-A61E-7F8DC1645957}.x64|Win32.ActiveCfg = x64|Win32
		{540BC298-4AC3-4689-A61E-7F8DC1645957}.x64|Win32.Build.0 = x64|Win32
		{540BC298-4AC3-4689-A61E-7F8DC1645957}.x64|x64.ActiveCfg = x64|x64
		{540BC298-4AC3-4689-A61E-7F8DC1645957}.x64|x64.Build.0 = x64|x64
		{EACD26F4-BCA9-4EAF-9F2F-FF0CB98062ED}.Debug|Win32.ActiveCfg = Debug|Win32
		{EACD26F4-BCA9-4EAF-9F2F-FF0CB98062ED}.Debug|Win32.Build.0 = Debug|Win32
		{EACD26F4-BCA9-4EAF-9F2F-FF0CB98062ED}.Debug|x64.ActiveCfg = Debug|x64
		{EACD26F4-BCA9-4EAF-9F2F-FF0CB98062ED}.Debug|x64.Build.0 = Debug|x64
		{EACD26F4-BCA9-4EAF-9F2F-FF0CB98062ED}.Release|Win32.ActiveCfg = Release|Win32
		{EACD26F4-BCA9-4EAF-9F2F-FF0CB98062ED}.Release|Win32.Build.0 = Release|Win32
		{EACD26F4-BCA9-4EAF-9F2F-FF0CB98062ED}.Release|x64.ActiveCfg = Release|x64
		{EACD26F4-BCA9-4EAF-9F2F-FF0CB98062ED}.Release|x64.Build.0 = Release|x64
		{EACD26F4-BCA9-4EAF-9F2F-FF0CB98062ED}.x64|Win32.ActiveCfg = x64|Win32
		{EACD26F4-BCA9-4EAF-9F2F-FF0CB98062ED}.x64|Win32.Build.0 = x64|Win32
		{EACD26F4-BCA9-4EAF-9F2F-FF0CB98062ED}.x64|x64.ActiveCfg = x64|x64
		{EACD26F4-BCA9-4EAF-9F2F-FF0CB98062ED}.x64|x64.Build.0 = x64|x64
	EndGlobalSection
	GlobalSection(SolutionProperties) = preSolution
		HideSolutionNode = FALSE
	EndGlobalSection
EndGlobal
